{
  "name": "ayu",
  "version": "9.0.0",
  "lockfileVersion": 3,
  "requires": true,
  "packages": {
    "": {
      "name": "ayu",
      "version": "9.0.0",
      "license": "MIT",
      "dependencies": {
        "@types/chroma-js": "^2.4.0",
        "chroma-js": "^2.6.0",
        "nonenumerable": "^1.1.1"
      },
      "devDependencies": {
        "@types/node": "^20.10.0",
        "font-color-contrast": "^11.1.0",
        "typescript": "^5.8.0"
      },
      "engines": {
        "node": ">=22.18.0"
      }
    },
    "node_modules/@types/chroma-js": {
      "version": "2.4.5",
      "resolved": "https://registry.npmjs.org/@types/chroma-js/-/chroma-js-2.4.5.tgz",
      "integrity": "sha512-6ISjhzJViaPCy2q2e6PgK+8HcHQDQ0V2LDiKmYAh+jJlLqDa6HbwDh0wOevHY0kHHUx0iZwjSRbVD47WOUx5EQ==",
      "license": "MIT"
    },
    "node_modules/@types/node": {
      "version": "20.19.27",
      "resolved": "https://registry.npmjs.org/@types/node/-/node-20.19.27.tgz",
      "integrity": "sha512-N2clP5pJhB2YnZJ3PIHFk5RkygRX5WO/5f0WC08tp0wd+sv0rsJk3MqWn3CbNmT2J505a5336jaQj4ph1AdMug==",
      "dev": true,
      "license": "MIT",
      "dependencies": {
        "undici-types": "~6.21.0"
      }
    },
    "node_modules/chroma-js": {
      "version": "2.6.0",
      "resolved": "https://registry.npmjs.org/chroma-js/-/chroma-js-2.6.0.tgz",
      "integrity": "sha512-BLHvCB9s8Z1EV4ethr6xnkl/P2YRFOGqfgvuMG/MyCbZPrTA+NeiByY6XvgF0zP4/2deU2CXnWyMa3zu1LqQ3A==",
      "license": "(BSD-3-Clause AND Apache-2.0)"
    },
    "node_modules/font-color-contrast": {
      "version": "11.1.0",
      "resolved": "https://registry.npmjs.org/font-color-contrast/-/font-color-contrast-11.1.0.tgz",
      "integrity": "sha512-PxpFaesCSsDwaciw7MF6B2thUkH7skqZlz4BzUnvapR6+Es2877q7ru/tqfsITuaraPz+TGfsOfdtU4D0qjqEw==",
      "dev": true,
      "license": "MIT"
    },
    "node_modules/nonenumerable": {
      "version": "1.1.1",
      "resolved": "https://registry.npmjs.org/nonenumerable/-/nonenumerable-1.1.1.tgz",
      "integrity": "sha512-ptUD9w9D8WqW6fuJJkZNCImkf+0vdbgUTbRK3i7jsy3olqtH96hYE6Q/S3Tx9NWbcB/ocAjYshXCAUP0lZ9B4Q==",
      "license": "MIT"
    },
    "node_modules/typescript": {
      "version": "5.9.3",
      "resolved": "https://registry.npmjs.org/typescript/-/typescript-5.9.3.tgz",
      "integrity": "sha512-jl1vZzPDinLr9eUt3J/t7V6FgNEw9QjvBPdysz9KfQDD41fQrC2Y4vKQdiaUpFT4bXlb1RHhLpp8wtm6M5TgSw==",
      "dev": true,
      "license": "Apache-2.0",
      "bin": {
        "tsc": "bin/tsc",
        "tsserver": "bin/tsserver"
      },
      "engines": {
        "node": ">=14.17"
      }
    },
    "node_modules/undici-types": {
      "version": "6.21.0",
      "resolved": "https://registry.npmjs.org/undici-types/-/undici-types-6.21.0.tgz",
      "integrity": "sha512-iwDZqg0QAGrg9Rav5H4n0M64c3mkR59cJ6wQp+7C4nI0gsmExaedaYLNO44eT4AtBBwjbTiGPMlt2Md0T9H9JQ==",
      "dev": true,
      "license": "MIT"
    }
  }
}
